
Microsoft Visual Studio Solution File, Format Version 12.00
# Visual Studio Version 16
VisualStudioVersion = 16.0.29905.134
MinimumVisualStudioVersion = 10.0.40219.1
Project("{8BC9CEB8-8B4A-11D0-8D11-00A0C91BC942}") = "P12 DEMO", "P12 DEMO.vcxproj", "{C6365125-815C-47FD-AAB3-6D4897D259AC}"
EndProject
Project("{8BC9CEB8-8B4A-11D0-8D11-00A0C91BC942}") = "P12-Realize", "..\P12-Realize\P12-Realize.vcxproj", "{81A0C126-9F77-4B9A-9C95-B0355E940F98}"
EndProject
Project("{8BC9CEB8-8B4A-11D0-8D11-00A0C91BC942}") = "tmp", "..\tmp\tmp.vcxproj", "{7B635EFC-F3EC-43B4-A1B3-04D22E0CF5AB}"
EndProject
Project("{8BC9CEB8-8B4A-11D0-8D11-00A0C91BC942}") = "tmp_1", "..\tmp_1\tmp_1.vcxproj", "{963EC834-D060-493B-8777-CB69ADE9135A}"
EndProject
Global
	GlobalSection(SolutionConfigurationPlatforms) = preSolution
		Debug|x64 = Debug|x64
		Debug|x86 = Debug|x86
		Release|x64 = Release|x64
		Release|x86 = Release|x86
	EndGlobalSection
	GlobalSection(ProjectConfigurationPlatforms) = postSolution
		{C6365125-815C-47FD-AAB3-6D4897D259AC}.Debug|x64.ActiveCfg = Debug|x64
		{C6365125-815C-47FD-AAB3-6D4897D259AC}.Debug|x64.Build.0 = Debug|x64
		{C6365125-815C-47FD-AAB3-6D4897D259AC}.Debug|x86.ActiveCfg = Debug|Win32
		{C6365125-815C-47FD-AAB3-6D4897D259AC}.Debug|x86.Build.0 = Debug|Win32
		{C6365125-815C-47FD-AAB3-6D4897D259AC}.Release|x64.ActiveCfg = Release|x64
		{C6365125-815C-47FD-AAB3-6D4897D259AC}.Release|x64.Build.0 = Release|x64
		{C6365125-815C-47FD-AAB3-6D4897D259AC}.Release|x86.ActiveCfg = Release|Win32
		{C6365125-815C-47FD-AAB3-6D4897D259AC}.Release|x86.Build.0 = Release|Win32
		{81A0C126-9F77-4B9A-9C95-B0355E940F98}.Debug|x64.ActiveCfg = Debug|x64
		{81A0C126-9F77-4B9A-9C95-B0355E940F98}.Debug|x64.Build.0 = Debug|x64
		{81A0C126-9F77-4B9A-9C95-B0355E940F98}.Debug|x86.ActiveCfg = Debug|Win32
		{81A0C126-9F77-4B9A-9C95-B0355E940F98}.Debug|x86.Build.0 = Debug|Win32
		{81A0C126-9F77-4B9A-9C95-B0355E940F98}.Release|x64.ActiveCfg = Release|x64
		{81A0C126-9F77-4B9A-9C95-B0355E940F98}.Release|x64.Build.0 = Release|x64
		{81A0C126-9F77-4B9A-9C95-B0355E940F98}.Release|x86.ActiveCfg = Release|Win32
		{81A0C126-9F77-4B9A-9C95-B0355E940F98}.Release|x86.Build.0 = Release|Win32
		{7B635EFC-F3EC-43B4-A1B3-04D22E0CF5AB}.Debug|x64.ActiveCfg = Debug|x64
		{7B635EFC-F3EC-43B4-A1B3-04D22E0CF5AB}.Debug|x64.Build.0 = Debug|x64
		{7B635EFC-F3EC-43B4-A1B3-04D22E0CF5AB}.Debug|x86.ActiveCfg = Debug|Win32
		{7B635EFC-F3EC-43B4-A1B3-04D22E0CF5AB}.Debug|x86.Build.0 = Debug|Win32
		{7B635EFC-F3EC-43B4-A1B3-04D22E0CF5AB}.Release|x64.ActiveCfg = Release|x64
		{7B635EFC-F3EC-43B4-A1B3-04D22E0CF5AB}.Release|x64.Build.0 = Release|x64
		{7B635EFC-F3EC-43B4-A1B3-04D22E0CF5AB}.Release|x86.ActiveCfg = Release|Win32
		{7B635EFC-F3EC-43B4-A1B3-04D22E0CF5AB}.Release|x86.Build.0 = Release|Win32
		{963EC834-D060-493B-8777-CB69ADE9135A}.Debug|x64.ActiveCfg = Debug|x64
		{963EC834-D060-493B-8777-CB69ADE9135A}.Debug|x64.Build.0 = Debug|x64
		{963EC834-D060-493B-8777-CB69ADE9135A}.Debug|x86.ActiveCfg = Debug|Win32
		{963EC834-D060-493B-8777-CB69ADE9135A}.Debug|x86.Build.0 = Debug|Win32
		{963EC834-D060-493B-8777-CB69ADE9135A}.Release|x64.ActiveCfg = Release|x64
		{963EC834-D060-493B-8777-CB69ADE9135A}.Release|x64.Build.0 = Release|x64
		{963EC834-D060-493B-8777-CB69ADE9135A}.Release|x86.ActiveCfg = Release|Win32
		{963EC834-D060-493B-8777-CB69ADE9135A}.Release|x86.Build.0 = Release|Win32
	EndGlobalSection
	GlobalSection(SolutionProperties) = preSolution
		HideSolutionNode = FALSE
	EndGlobalSection
	GlobalSection(ExtensibilityGlobals) = postSolution
		SolutionGuid = {A1E7B746-62D9-4840-8EDA-04E002DB26C9}
	EndGlobalSection
EndGlobal
